
Microsoft Visual Studio Solution File, Format Version 12.00
# Visual Studio Version 17
VisualStudioVersion = 17.3.32929.385
MinimumVisualStudioVersion = 10.0.40219.1
Project("{9A19103F-16F7-4668-BE54-9A1E7A4F7556}") = "AutoCompleteSearchWebsite", "AutoCompleteSearchWebsite\AutoCompleteSearchWebsite.csproj", "{0A90B500-EB1B-4208-B8FD-4CFD7B8FF75E}"
EndProject
Project("{FAE04EC0-301F-11D3-BF4B-00C04F79EFBC}") = "AutoCompleteWebApi", "AutoCompleteWebApi\AutoCompleteWebApi.csproj", "{C281644E-A666-4FEB-9BC7-D89A5F57767E}"
EndProject
Project("{FAE04EC0-301F-11D3-BF4B-00C04F79EFBC}") = "AutoCompleteDataAccessLayer", "AutoCompleteDataAccessLayer\AutoCompleteDataAccessLayer.csproj", "{43E37997-E9CE-46D9-94F6-7015169F1770}"
EndProject
Global
	GlobalSection(SolutionConfigurationPlatforms) = preSolution
		Debug|Any CPU = Debug|Any CPU
		Release|Any CPU = Release|Any CPU
	EndGlobalSection
	GlobalSection(ProjectConfigurationPlatforms) = postSolution
		{0A90B500-EB1B-4208-B8FD-4CFD7B8FF75E}.Debug|Any CPU.ActiveCfg = Debug|Any CPU
		{0A90B500-EB1B-4208-B8FD-4CFD7B8FF75E}.Debug|Any CPU.Build.0 = Debug|Any CPU
		{0A90B500-EB1B-4208-B8FD-4CFD7B8FF75E}.Release|Any CPU.ActiveCfg = Release|Any CPU
		{0A90B500-EB1B-4208-B8FD-4CFD7B8FF75E}.Release|Any CPU.Build.0 = Release|Any CPU
		{C281644E-A666-4FEB-9BC7-D89A5F57767E}.Debug|Any CPU.ActiveCfg = Debug|Any CPU
		{C281644E-A666-4FEB-9BC7-D89A5F57767E}.Debug|Any CPU.Build.0 = Debug|Any CPU
		{C281644E-A666-4FEB-9BC7-D89A5F57767E}.Release|Any CPU.ActiveCfg = Release|Any CPU
		{C281644E-A666-4FEB-9BC7-D89A5F57767E}.Release|Any CPU.Build.0 = Release|Any CPU
		{43E37997-E9CE-46D9-94F6-7015169F1770}.Debug|Any CPU.ActiveCfg = Debug|Any CPU
		{43E37997-E9CE-46D9-94F6-7015169F1770}.Debug|Any CPU.Build.0 = Debug|Any CPU
		{43E37997-E9CE-46D9-94F6-7015169F1770}.Release|Any CPU.ActiveCfg = Release|Any CPU
		{43E37997-E9CE-46D9-94F6-7015169F1770}.Release|Any CPU.Build.0 = Release|Any CPU
	EndGlobalSection
	GlobalSection(SolutionProperties) = preSolution
		HideSolutionNode = FALSE
	EndGlobalSection
	GlobalSection(ExtensibilityGlobals) = postSolution
		SolutionGuid = {945F7096-A01B-439B-BA22-E9DA0AEA0E12}
	EndGlobalSection
EndGlobal
